
Microsoft Visual Studio Solution File, Format Version 12.00
# Visual Studio Version 17
VisualStudioVersion = 17.9.34622.214
MinimumVisualStudioVersion = 10.0.40219.1
Project("{9A19103F-16F7-4668-BE54-9A1E7A4F7556}") = "NonRelational", "NonRelational\NonRelational.csproj", "{0BFD3E6E-7FC0-46F9-8357-FD5F63D98CF4}"
EndProject
Global
	GlobalSection(SolutionConfigurationPlatforms) = preSolution
		Debug|Any CPU = Debug|Any CPU
		Release|Any CPU = Release|Any CPU
	EndGlobalSection
	GlobalSection(ProjectConfigurationPlatforms) = postSolution
		{0BFD3E6E-7FC0-46F9-8357-FD5F63D98CF4}.Debug|Any CPU.ActiveCfg = Debug|Any CPU
		{0BFD3E6E-7FC0-46F9-8357-FD5F63D98CF4}.Debug|Any CPU.Build.0 = Debug|Any CPU
		{0BFD3E6E-7FC0-46F9-8357-FD5F63D98CF4}.Release|Any CPU.ActiveCfg = Release|Any CPU
		{0BFD3E6E-7FC0-46F9-8357-FD5F63D98CF4}.Release|Any CPU.Build.0 = Release|Any CPU
	EndGlobalSection
	GlobalSection(SolutionProperties) = preSolution
		HideSolutionNode = FALSE
	EndGlobalSection
	GlobalSection(ExtensibilityGlobals) = postSolution
		SolutionGuid = {0CDEC949-2226-4DC3-A2E0-1728213EFFF4}
	EndGlobalSection
EndGlobal
